Microsoft Visual Studio Solution File, Format Version 8.00
Project("{FAE04EC0-301F-11D3-BF4B-00C04F79EFBC}") = "Core", "Alchemi.Core\Core.csproj", "{234F2AB1-B1F6-4FAD-9DAD-E18AF5847880}"
	ProjectSection(ProjectDependencies) = postProject
	EndProjectSection
EndProject
Project("{FAE04EC0-301F-11D3-BF4B-00C04F79EFBC}") = "ExecutorExec", "Alchemi.ExecutorExec\ExecutorExec.csproj", "{8B9083D8-0313-4F68-B8F9-E8BD8DBE5F37}"
	ProjectSection(ProjectDependencies) = postProject
		{234F2AB1-B1F6-4FAD-9DAD-E18AF5847880} = {234F2AB1-B1F6-4FAD-9DAD-E18AF5847880}
	EndProjectSection
EndProject
Project("{FAE04EC0-301F-11D3-BF4B-00C04F79EFBC}") = "DbInstaller", "Alchemi.ManagerUtils\DbInstaller\DbInstaller.csproj", "{42DCE75A-228B-456A-8E8F-721EC276B6E6}"
	ProjectSection(ProjectDependencies) = postProject
		{234F2AB1-B1F6-4FAD-9DAD-E18AF5847880} = {234F2AB1-B1F6-4FAD-9DAD-E18AF5847880}
	EndProjectSection
EndProject
Project("{FAE04EC0-301F-11D3-BF4B-00C04F79EFBC}") = "Console", "Alchemi.SDK\Console\Console.csproj", "{EACCFD1F-6FCC-43D0-97A8-D9AA39CFCAB8}"
	ProjectSection(ProjectDependencies) = postProject
		{234F2AB1-B1F6-4FAD-9DAD-E18AF5847880} = {234F2AB1-B1F6-4FAD-9DAD-E18AF5847880}
	EndProjectSection
EndProject
Project("{FAE04EC0-301F-11D3-BF4B-00C04F79EFBC}") = "JobSubmitter", "Alchemi.SDK\JobSubmitter\JobSubmitter.csproj", "{B31B92E1-0CA5-4226-BDEF-C4DD5BC43E3D}"
	ProjectSection(ProjectDependencies) = postProject
	EndProjectSection
EndProject
Project("{FAE04EC0-301F-11D3-BF4B-00C04F79EFBC}") = "ExecutorService", "Alchemi.ExecutorService\ExecutorService.csproj", "{F196CA7C-D8B0-4031-9989-D43406AEB3B8}"
	ProjectSection(ProjectDependencies) = postProject
		{234F2AB1-B1F6-4FAD-9DAD-E18AF5847880} = {234F2AB1-B1F6-4FAD-9DAD-E18AF5847880}
	EndProjectSection
EndProject
Project("{FAE04EC0-301F-11D3-BF4B-00C04F79EFBC}") = "ManagerService", "Alchemi.ManagerService\ManagerService.csproj", "{6B15DEC9-B15B-4614-9F70-FCB2E53C7289}"
	ProjectSection(ProjectDependencies) = postProject
	EndProjectSection
EndProject
Project("{FAE04EC0-301F-11D3-BF4B-00C04F79EFBC}") = "ScreenSaverExec", "Alchemi.ScreenSaverExec\ScreenSaverExec.csproj", "{00185B46-EB44-4CD1-9D20-7284B4FC5185}"
	ProjectSection(ProjectDependencies) = postProject
	EndProjectSection
EndProject
Project("{54435603-DBB4-11D2-8724-00A0C9A8B90C}") = "ExecutorSetup", "Alchemi.Setup\ExecutorSetup\ExecutorSetup.vdproj", "{626D3996-255D-4488-9A21-8BE49EF72346}"
	ProjectSection(ProjectDependencies) = postProject
	EndProjectSection
EndProject
Project("{54435603-DBB4-11D2-8724-00A0C9A8B90C}") = "XPManagerSetup", "Alchemi.Setup\XPManagerSetup\XPManagerSetup.vdproj", "{8122724C-74C0-4A2B-A3FD-BF9CCDFD7284}"
	ProjectSection(ProjectDependencies) = postProject
	EndProjectSection
EndProject
Project("{FAE04EC0-301F-11D3-BF4B-00C04F79EFBC}") = "ManagerExec", "Alchemi.ManagerExec\ManagerExec.csproj", "{11F1CF0B-5526-4534-9784-0543E29D4292}"
	ProjectSection(ProjectDependencies) = postProject
	EndProjectSection
EndProject
Project("{FAE04EC0-301F-11D3-BF4B-00C04F79EFBC}") = "ManagerServiceController", "Alchemi.ManagerServiceController\ManagerServiceController.csproj", "{85660E73-08EB-4927-9C77-4009B8533F01}"
	ProjectSection(ProjectDependencies) = postProject
	EndProjectSection
EndProject
Project("{FAE04EC0-301F-11D3-BF4B-00C04F79EFBC}") = "ExecutorServiceController", "Alchemi.ExecutorServiceController\ExecutorServiceController.csproj", "{23CC92DA-8780-4A17-BF9A-E567CB0548C5}"
	ProjectSection(ProjectDependencies) = postProject
	EndProjectSection
EndProject
Project("{54435603-DBB4-11D2-8724-00A0C9A8B90C}") = "ManagerSetup", "Alchemi.Setup\ManagerSetup\ManagerSetup.vdproj", "{BCE4B87D-097E-498C-84D3-DE2325A00EA1}"
	ProjectSection(ProjectDependencies) = postProject
	EndProjectSection
EndProject
Project("{54435603-DBB4-11D2-8724-00A0C9A8B90C}") = "ManagerServiceSetup", "Alchemi.Setup\ManagerServiceSetup\ManagerServiceSetup.vdproj", "{ED9B779E-60A9-43BE-9E05-77DAABB56A99}"
	ProjectSection(ProjectDependencies) = postProject
	EndProjectSection
EndProject
Project("{54435603-DBB4-11D2-8724-00A0C9A8B90C}") = "ExecutorServiceSetup", "Alchemi.Setup\ExecutorServiceSetup\ExecutorServiceSetup.vdproj", "{B8FDE148-683D-4FE7-BC25-F179A98B5732}"
	ProjectSection(ProjectDependencies) = postProject
	EndProjectSection
EndProject
Project("{FAE04EC0-301F-11D3-BF4B-00C04F79EFBC}") = "CrossPlatformManager", "http://localhost/Alchemi.CrossPlatformManager/CrossPlatformManager.csproj", "{B3EDA024-7864-4335-9817-67A78064C360}"
	ProjectSection(ProjectDependencies) = postProject
	EndProjectSection
EndProject
Global
	GlobalSection(SolutionConfiguration) = preSolution
		Debug = Debug
		Release = Release
		ServiceRelease = ServiceRelease
	EndGlobalSection
	GlobalSection(ProjectConfiguration) = postSolution
		{234F2AB1-B1F6-4FAD-9DAD-E18AF5847880}.Debug.ActiveCfg = Debug|.NET
		{234F2AB1-B1F6-4FAD-9DAD-E18AF5847880}.Debug.Build.0 = Debug|.NET
		{234F2AB1-B1F6-4FAD-9DAD-E18AF5847880}.Release.ActiveCfg = Release|.NET
		{234F2AB1-B1F6-4FAD-9DAD-E18AF5847880}.Release.Build.0 = Release|.NET
		{234F2AB1-B1F6-4FAD-9DAD-E18AF5847880}.ServiceRelease.ActiveCfg = ServiceRelease|.NET
		{234F2AB1-B1F6-4FAD-9DAD-E18AF5847880}.ServiceRelease.Build.0 = ServiceRelease|.NET
		{8B9083D8-0313-4F68-B8F9-E8BD8DBE5F37}.Debug.ActiveCfg = Debug|.NET
		{8B9083D8-0313-4F68-B8F9-E8BD8DBE5F37}.Debug.Build.0 = Debug|.NET
		{8B9083D8-0313-4F68-B8F9-E8BD8DBE5F37}.Release.ActiveCfg = Release|.NET
		{8B9083D8-0313-4F68-B8F9-E8BD8DBE5F37}.Release.Build.0 = Release|.NET
		{8B9083D8-0313-4F68-B8F9-E8BD8DBE5F37}.ServiceRelease.ActiveCfg = ServiceRelease|.NET
		{8B9083D8-0313-4F68-B8F9-E8BD8DBE5F37}.ServiceRelease.Build.0 = ServiceRelease|.NET
		{42DCE75A-228B-456A-8E8F-721EC276B6E6}.Debug.ActiveCfg = Debug|.NET
		{42DCE75A-228B-456A-8E8F-721EC276B6E6}.Debug.Build.0 = Debug|.NET
		{42DCE75A-228B-456A-8E8F-721EC276B6E6}.Release.ActiveCfg = Release|.NET
		{42DCE75A-228B-456A-8E8F-721EC276B6E6}.Release.Build.0 = Release|.NET
		{42DCE75A-228B-456A-8E8F-721EC276B6E6}.ServiceRelease.ActiveCfg = ServiceRelease|.NET
		{42DCE75A-228B-456A-8E8F-721EC276B6E6}.ServiceRelease.Build.0 = ServiceRelease|.NET
		{EACCFD1F-6FCC-43D0-97A8-D9AA39CFCAB8}.Debug.ActiveCfg = Debug|.NET
		{EACCFD1F-6FCC-43D0-97A8-D9AA39CFCAB8}.Debug.Build.0 = Debug|.NET
		{EACCFD1F-6FCC-43D0-97A8-D9AA39CFCAB8}.Release.ActiveCfg = Release|.NET
		{EACCFD1F-6FCC-43D0-97A8-D9AA39CFCAB8}.Release.Build.0 = Release|.NET
		{EACCFD1F-6FCC-43D0-97A8-D9AA39CFCAB8}.ServiceRelease.ActiveCfg = ServiceRelease|.NET
		{EACCFD1F-6FCC-43D0-97A8-D9AA39CFCAB8}.ServiceRelease.Build.0 = ServiceRelease|.NET
		{B31B92E1-0CA5-4226-BDEF-C4DD5BC43E3D}.Debug.ActiveCfg = Debug|.NET
		{B31B92E1-0CA5-4226-BDEF-C4DD5BC43E3D}.Debug.Build.0 = Debug|.NET
		{B31B92E1-0CA5-4226-BDEF-C4DD5BC43E3D}.Release.ActiveCfg = Release|.NET
		{B31B92E1-0CA5-4226-BDEF-C4DD5BC43E3D}.Release.Build.0 = Release|.NET
		{B31B92E1-0CA5-4226-BDEF-C4DD5BC43E3D}.ServiceRelease.ActiveCfg = ServiceRelease|.NET
		{B31B92E1-0CA5-4226-BDEF-C4DD5BC43E3D}.ServiceRelease.Build.0 = ServiceRelease|.NET
		{F196CA7C-D8B0-4031-9989-D43406AEB3B8}.Debug.ActiveCfg = Debug|.NET
		{F196CA7C-D8B0-4031-9989-D43406AEB3B8}.Debug.Build.0 = Debug|.NET
		{F196CA7C-D8B0-4031-9989-D43406AEB3B8}.Release.ActiveCfg = Release|.NET
		{F196CA7C-D8B0-4031-9989-D43406AEB3B8}.Release.Build.0 = Release|.NET
		{F196CA7C-D8B0-4031-9989-D43406AEB3B8}.ServiceRelease.ActiveCfg = ServiceRelease|.NET
		{F196CA7C-D8B0-4031-9989-D43406AEB3B8}.ServiceRelease.Build.0 = ServiceRelease|.NET
		{6B15DEC9-B15B-4614-9F70-FCB2E53C7289}.Debug.ActiveCfg = Debug|.NET
		{6B15DEC9-B15B-4614-9F70-FCB2E53C7289}.Debug.Build.0 = Debug|.NET
		{6B15DEC9-B15B-4614-9F70-FCB2E53C7289}.Release.ActiveCfg = Release|.NET
		{6B15DEC9-B15B-4614-9F70-FCB2E53C7289}.Release.Build.0 = Release|.NET
		{6B15DEC9-B15B-4614-9F70-FCB2E53C7289}.ServiceRelease.ActiveCfg = ServiceRelease|.NET
		{6B15DEC9-B15B-4614-9F70-FCB2E53C7289}.ServiceRelease.Build.0 = ServiceRelease|.NET
		{00185B46-EB44-4CD1-9D20-7284B4FC5185}.Debug.ActiveCfg = Debug|.NET
		{00185B46-EB44-4CD1-9D20-7284B4FC5185}.Release.ActiveCfg = Release|.NET
		{00185B46-EB44-4CD1-9D20-7284B4FC5185}.Release.Build.0 = Release|.NET
		{00185B46-EB44-4CD1-9D20-7284B4FC5185}.ServiceRelease.ActiveCfg = ServiceRelease|.NET
		{00185B46-EB44-4CD1-9D20-7284B4FC5185}.ServiceRelease.Build.0 = ServiceRelease|.NET
		{626D3996-255D-4488-9A21-8BE49EF72346}.Debug.ActiveCfg = Debug
		{626D3996-255D-4488-9A21-8BE49EF72346}.Release.ActiveCfg = Release
		{626D3996-255D-4488-9A21-8BE49EF72346}.Release.Build.0 = Release
		{626D3996-255D-4488-9A21-8BE49EF72346}.ServiceRelease.ActiveCfg = ServiceRelease
		{626D3996-255D-4488-9A21-8BE49EF72346}.ServiceRelease.Build.0 = ServiceRelease
		{8122724C-74C0-4A2B-A3FD-BF9CCDFD7284}.Debug.ActiveCfg = Debug
		{8122724C-74C0-4A2B-A3FD-BF9CCDFD7284}.Release.ActiveCfg = Release
		{8122724C-74C0-4A2B-A3FD-BF9CCDFD7284}.Release.Build.0 = Release
		{8122724C-74C0-4A2B-A3FD-BF9CCDFD7284}.ServiceRelease.ActiveCfg = ServiceRelease
		{8122724C-74C0-4A2B-A3FD-BF9CCDFD7284}.ServiceRelease.Build.0 = ServiceRelease
		{11F1CF0B-5526-4534-9784-0543E29D4292}.Debug.ActiveCfg = Debug|.NET
		{11F1CF0B-5526-4534-9784-0543E29D4292}.Debug.Build.0 = Debug|.NET
		{11F1CF0B-5526-4534-9784-0543E29D4292}.Release.ActiveCfg = Release|.NET
		{11F1CF0B-5526-4534-9784-0543E29D4292}.Release.Build.0 = Release|.NET
		{11F1CF0B-5526-4534-9784-0543E29D4292}.ServiceRelease.ActiveCfg = ServiceRelease|.NET
		{11F1CF0B-5526-4534-9784-0543E29D4292}.ServiceRelease.Build.0 = ServiceRelease|.NET
		{85660E73-08EB-4927-9C77-4009B8533F01}.Debug.ActiveCfg = Debug|.NET
		{85660E73-08EB-4927-9C77-4009B8533F01}.Debug.Build.0 = Debug|.NET
		{85660E73-08EB-4927-9C77-4009B8533F01}.Release.ActiveCfg = Release|.NET
		{85660E73-08EB-4927-9C77-4009B8533F01}.Release.Build.0 = Release|.NET
		{85660E73-08EB-4927-9C77-4009B8533F01}.ServiceRelease.ActiveCfg = ServiceRelease|.NET
		{85660E73-08EB-4927-9C77-4009B8533F01}.ServiceRelease.Build.0 = ServiceRelease|.NET
		{23CC92DA-8780-4A17-BF9A-E567CB0548C5}.Debug.ActiveCfg = Debug|.NET
		{23CC92DA-8780-4A17-BF9A-E567CB0548C5}.Debug.Build.0 = Debug|.NET
		{23CC92DA-8780-4A17-BF9A-E567CB0548C5}.Release.ActiveCfg = Release|.NET
		{23CC92DA-8780-4A17-BF9A-E567CB0548C5}.Release.Build.0 = Release|.NET
		{23CC92DA-8780-4A17-BF9A-E567CB0548C5}.ServiceRelease.ActiveCfg = ServiceRelease|.NET
		{23CC92DA-8780-4A17-BF9A-E567CB0548C5}.ServiceRelease.Build.0 = ServiceRelease|.NET
		{BCE4B87D-097E-498C-84D3-DE2325A00EA1}.Debug.ActiveCfg = Debug
		{BCE4B87D-097E-498C-84D3-DE2325A00EA1}.Release.ActiveCfg = Release
		{BCE4B87D-097E-498C-84D3-DE2325A00EA1}.Release.Build.0 = Release
		{BCE4B87D-097E-498C-84D3-DE2325A00EA1}.ServiceRelease.ActiveCfg = ServiceRelease
		{BCE4B87D-097E-498C-84D3-DE2325A00EA1}.ServiceRelease.Build.0 = ServiceRelease
		{ED9B779E-60A9-43BE-9E05-77DAABB56A99}.Debug.ActiveCfg = Debug
		{ED9B779E-60A9-43BE-9E05-77DAABB56A99}.Release.ActiveCfg = Release
		{ED9B779E-60A9-43BE-9E05-77DAABB56A99}.Release.Build.0 = Release
		{ED9B779E-60A9-43BE-9E05-77DAABB56A99}.ServiceRelease.ActiveCfg = ServiceRelease
		{ED9B779E-60A9-43BE-9E05-77DAABB56A99}.ServiceRelease.Build.0 = ServiceRelease
		{B8FDE148-683D-4FE7-BC25-F179A98B5732}.Debug.ActiveCfg = Debug
		{B8FDE148-683D-4FE7-BC25-F179A98B5732}.Release.ActiveCfg = Release
		{B8FDE148-683D-4FE7-BC25-F179A98B5732}.Release.Build.0 = Release
		{B8FDE148-683D-4FE7-BC25-F179A98B5732}.ServiceRelease.ActiveCfg = ServiceRelease
		{B8FDE148-683D-4FE7-BC25-F179A98B5732}.ServiceRelease.Build.0 = ServiceRelease
		{B3EDA024-7864-4335-9817-67A78064C360}.Debug.ActiveCfg = Debug|.NET
		{B3EDA024-7864-4335-9817-67A78064C360}.Debug.Build.0 = Debug|.NET
		{B3EDA024-7864-4335-9817-67A78064C360}.Release.ActiveCfg = Release|.NET
		{B3EDA024-7864-4335-9817-67A78064C360}.Release.Build.0 = Release|.NET
		{B3EDA024-7864-4335-9817-67A78064C360}.ServiceRelease.ActiveCfg = ServiceRelease|.NET
		{B3EDA024-7864-4335-9817-67A78064C360}.ServiceRelease.Build.0 = ServiceRelease|.NET
	EndGlobalSection
	GlobalSection(SolutionItems) = postSolution
		..\doc\AlchemiManualv.1.0.doc = ..\doc\AlchemiManualv.1.0.doc
	EndGlobalSection
	GlobalSection(ExtensibilityGlobals) = postSolution
	EndGlobalSection
	GlobalSection(ExtensibilityAddIns) = postSolution
	EndGlobalSection
EndGlobal
